
Microsoft Visual Studio Solution File, Format Version 12.00
# Visual Studio Version 17
VisualStudioVersion = 17.14.36310.24
MinimumVisualStudioVersion = 10.0.40219.1
Project("{FAE04EC0-301F-11D3-BF4B-00C04F79EFBC}") = "DOC_Ban_Ve_File_Cuoi", "DOC_Ban_Ve_File_Cuoi\DOC_Ban_Ve_File_Cuoi.csproj", "{025EAD2E-4D24-4BB0-BC6D-991B347E106C}"
EndProject
Project("{FAE04EC0-301F-11D3-BF4B-00C04F79EFBC}") = "Doc_ban_ve_Tests", "Doc_ban_ve_Tests\Doc_ban_ve_Tests.csproj", "{D82A3958-4E64-4D9E-8789-C2079C1F0814}"
EndProject
Project("{2150E333-8FDC-42A3-9474-1A3956D46DE8}") = "Solution Items", "Solution Items", "{8EC462FD-D22E-90A8-E5CE-7E832BA40C5D}"
	ProjectSection(SolutionItems) = preProject
		test.runsettings.xml = test.runsettings.xml
	EndProjectSection
EndProject
Global
	GlobalSection(SolutionConfigurationPlatforms) = preSolution
		Debug|Any CPU = Debug|Any CPU
		Debug|x64 = Debug|x64
		Release|Any CPU = Release|Any CPU
		Release|x64 = Release|x64
	EndGlobalSection
	GlobalSection(ProjectConfigurationPlatforms) = postSolution
		{025EAD2E-4D24-4BB0-BC6D-991B347E106C}.Debug|Any CPU.ActiveCfg = Debug|Any CPU
		{025EAD2E-4D24-4BB0-BC6D-991B347E106C}.Debug|Any CPU.Build.0 = Debug|Any CPU
		{025EAD2E-4D24-4BB0-BC6D-991B347E106C}.Debug|x64.ActiveCfg = Debug|x64
		{025EAD2E-4D24-4BB0-BC6D-991B347E106C}.Debug|x64.Build.0 = Debug|x64
		{025EAD2E-4D24-4BB0-BC6D-991B347E106C}.Release|Any CPU.ActiveCfg = Release|Any CPU
		{025EAD2E-4D24-4BB0-BC6D-991B347E106C}.Release|Any CPU.Build.0 = Release|Any CPU
		{025EAD2E-4D24-4BB0-BC6D-991B347E106C}.Release|x64.ActiveCfg = Release|x64
		{025EAD2E-4D24-4BB0-BC6D-991B347E106C}.Release|x64.Build.0 = Release|x64
		{D82A3958-4E64-4D9E-8789-C2079C1F0814}.Debug|Any CPU.ActiveCfg = Debug|Any CPU
		{D82A3958-4E64-4D9E-8789-C2079C1F0814}.Debug|Any CPU.Build.0 = Debug|Any CPU
		{D82A3958-4E64-4D9E-8789-C2079C1F0814}.Debug|x64.ActiveCfg = Debug|x64
		{D82A3958-4E64-4D9E-8789-C2079C1F0814}.Debug|x64.Build.0 = Debug|x64
		{D82A3958-4E64-4D9E-8789-C2079C1F0814}.Release|Any CPU.ActiveCfg = Release|Any CPU
		{D82A3958-4E64-4D9E-8789-C2079C1F0814}.Release|Any CPU.Build.0 = Release|Any CPU
		{D82A3958-4E64-4D9E-8789-C2079C1F0814}.Release|x64.ActiveCfg = Release|Any CPU
		{D82A3958-4E64-4D9E-8789-C2079C1F0814}.Release|x64.Build.0 = Release|Any CPU
	EndGlobalSection
	GlobalSection(SolutionProperties) = preSolution
		HideSolutionNode = FALSE
	EndGlobalSection
	GlobalSection(ExtensibilityGlobals) = postSolution
		SolutionGuid = {7B44AE5D-EEBC-42F4-9D5F-AFE1B02C64F7}
	EndGlobalSection
EndGlobal
